// !$*UTF8*$!
{
	archiveVersion = 1;
	classes = {
	};
	objectVersion = 46;
	objects = {

/* Begin PBXBuildFile section */
		61987B4D1728FFA70034455B /* scrollViewPseudoCode.m in Sources */ = {isa = PBXBuildFile; fileRef = 61987B4C1728FFA70034455B /* scrollViewPseudoCode.m */; };
		F910BDEE172750510032AA34 /* View.xib in Resources */ = {isa = PBXBuildFile; fileRef = F910BDED172750500032AA34 /* View.xib */; };
		F910BDF4172769440032AA34 /* scrollViewMain.m in Sources */ = {isa = PBXBuildFile; fileRef = F910BDF3172769440032AA34 /* scrollViewMain.m */; };
		F93DB0BB17278DCC004CA329 /* PIANO_49.wav in Resources */ = {isa = PBXBuildFile; fileRef = F93DB08917278DCC004CA329 /* PIANO_49.wav */; };
		F93DB0BC17278DCC004CA329 /* PIANO_50.wav in Resources */ = {isa = PBXBuildFile; fileRef = F93DB08A17278DCC004CA329 /* PIANO_50.wav */; };
		F93DB0BD17278DCC004CA329 /* PIANO_51.wav in Resources */ = {isa = PBXBuildFile; fileRef = F93DB08B17278DCC004CA329 /* PIANO_51.wav */; };
		F93DB0BE17278DCC004CA329 /* PIANO_52.wav in Resources */ = {isa = PBXBuildFile; fileRef = F93DB08C17278DCC004CA329 /* PIANO_52.wav */; };
		F93DB0BF17278DCC004CA329 /* PIANO_53.wav in Resources */ = {isa = PBXBuildFile; fileRef = F93DB08D17278DCC004CA329 /* PIANO_53.wav */; };
		F93DB0C017278DCC004CA329 /* PIANO_54.wav in Resources */ = {isa = PBXBuildFile; fileRef = F93DB08E17278DCC004CA329 /* PIANO_54.wav */; };
		F93DB0C117278DCC004CA329 /* PIANO_55.wav in Resources */ = {isa = PBXBuildFile; fileRef = F93DB08F17278DCC004CA329 /* PIANO_55.wav */; };
		F93DB0C217278DCC004CA329 /* PIANO_56.wav in Resources */ = {isa = PBXBuildFile; fileRef = F93DB09017278DCC004CA329 /* PIANO_56.wav */; };
		F93DB0C317278DCC004CA329 /* PIANO_57.wav in Resources */ = {isa = PBXBuildFile; fileRef = F93DB09117278DCC004CA329 /* PIANO_57.wav */; };
		F93DB0C417278DCC004CA329 /* PIANO_58.wav in Resources */ = {isa = PBXBuildFile; fileRef = F93DB09217278DCC004CA329 /* PIANO_58.wav */; };
		F93DB0C517278DCC004CA329 /* PIANO_59.wav in Resources */ = {isa = PBXBuildFile; fileRef = F93DB09317278DCC004CA329 /* PIANO_59.wav */; };
		F93DB0C617278DCC004CA329 /* PIANO_60.wav in Resources */ = {isa = PBXBuildFile; fileRef = F93DB09417278DCC004CA329 /* PIANO_60.wav */; };
		F93DB0C717278DCC004CA329 /* PIANO_61.wav in Resources */ = {isa = PBXBuildFile; fileRef = F93DB09517278DCC004CA329 /* PIANO_61.wav */; };
		F93DB0C817278DCC004CA329 /* PIANO_62.wav in Resources */ = {isa = PBXBuildFile; fileRef = F93DB09617278DCC004CA329 /* PIANO_62.wav */; };
		F93DB0C917278DCC004CA329 /* PIANO_63.wav in Resources */ = {isa = PBXBuildFile; fileRef = F93DB09717278DCC004CA329 /* PIANO_63.wav */; };
		F93DB0CA17278DCC004CA329 /* PIANO_64.wav in Resources */ = {isa = PBXBuildFile; fileRef = F93DB09817278DCC004CA329 /* PIANO_64.wav */; };
		F93DB0CB17278DCC004CA329 /* PIANO_65.wav in Resources */ = {isa = PBXBuildFile; fileRef = F93DB09917278DCC004CA329 /* PIANO_65.wav */; };
		F93DB0CC17278DCC004CA329 /* PIANO_66.wav in Resources */ = {isa = PBXBuildFile; fileRef = F93DB09A17278DCC004CA329 /* PIANO_66.wav */; };
		F93DB0CD17278DCC004CA329 /* PIANO_67.wav in Resources */ = {isa = PBXBuildFile; fileRef = F93DB09B17278DCC004CA329 /* PIANO_67.wav */; };
		F93DB0CE17278DCC004CA329 /* PIANO_68.wav in Resources */ = {isa = PBXBuildFile; fileRef = F93DB09C17278DCC004CA329 /* PIANO_68.wav */; };
		F93DB0CF17278DCC004CA329 /* PIANO_69.wav in Resources */ = {isa = PBXBuildFile; fileRef = F93DB09D17278DCC004CA329 /* PIANO_69.wav */; };
		F93DB0D017278DCC004CA329 /* PIANO_70.wav in Resources */ = {isa = PBXBuildFile; fileRef = F93DB09E17278DCC004CA329 /* PIANO_70.wav */; };
		F93DB0D117278DCC004CA329 /* PIANO_71.wav in Resources */ = {isa = PBXBuildFile; fileRef = F93DB09F17278DCC004CA329 /* PIANO_71.wav */; };
		F93DB0D217278DCC004CA329 /* PIANO_72.wav in Resources */ = {isa = PBXBuildFile; fileRef = F93DB0A017278DCC004CA329 /* PIANO_72.wav */; };
		F93DB0D317278DCC004CA329 /* PIANO_73.wav in Resources */ = {isa = PBXBuildFile; fileRef = F93DB0A117278DCC004CA329 /* PIANO_73.wav */; };
		F93DB0D417278DCC004CA329 /* PIANO_74.wav in Resources */ = {isa = PBXBuildFile; fileRef = F93DB0A217278DCC004CA329 /* PIANO_74.wav */; };
		F93DB0D517278DCC004CA329 /* PIANO_75.wav in Resources */ = {isa = PBXBuildFile; fileRef = F93DB0A317278DCC004CA329 /* PIANO_75.wav */; };
		F93DB0D617278DCC004CA329 /* PIANO_76.wav in Resources */ = {isa = PBXBuildFile; fileRef = F93DB0A417278DCC004CA329 /* PIANO_76.wav */; };
		F93DB0D717278DCC004CA329 /* PIANO_77.wav in Resources */ = {isa = PBXBuildFile; fileRef = F93DB0A517278DCC004CA329 /* PIANO_77.wav */; };
		F93DB0D817278DCC004CA329 /* PIANO_78.wav in Resources */ = {isa = PBXBuildFile; fileRef = F93DB0A617278DCC004CA329 /* PIANO_78.wav */; };
		F93DB0D917278DCC004CA329 /* PIANO_79.wav in Resources */ = {isa = PBXBuildFile; fileRef = F93DB0A717278DCC004CA329 /* PIANO_79.wav */; };
		F93DB0DA17278DCC004CA329 /* PIANO_80.wav in Resources */ = {isa = PBXBuildFile; fileRef = F93DB0A817278DCC004CA329 /* PIANO_80.wav */; };
		F93DB0DB17278DCC004CA329 /* PIANO_81.wav in Resources */ = {isa = PBXBuildFile; fileRef = F93DB0A917278DCC004CA329 /* PIANO_81.wav */; };
		F93DB0DC17278DCC004CA329 /* PIANO_82.wav in Resources */ = {isa = PBXBuildFile; fileRef = F93DB0AA17278DCC004CA329 /* PIANO_82.wav */; };
		F93DB0DD17278DCC004CA329 /* PIANO_83.wav in Resources */ = {isa = PBXBuildFile; fileRef = F93DB0AB17278DCC004CA329 /* PIANO_83.wav */; };
		F93DB0DE17278DCC004CA329 /* PIANO_84.wav in Resources */ = {isa = PBXBuildFile; fileRef = F93DB0AC17278DCC004CA329 /* PIANO_84.wav */; };
		F93DB0DF17278DCC004CA329 /* PIANO_85.wav in Resources */ = {isa = PBXBuildFile; fileRef = F93DB0AD17278DCC004CA329 /* PIANO_85.wav */; };
		F93DB0E017278DCC004CA329 /* PIANO_86.wav in Resources */ = {isa = PBXBuildFile; fileRef = F93DB0AE17278DCC004CA329 /* PIANO_86.wav */; };
		F93DB0E117278DCC004CA329 /* PIANO_87.wav in Resources */ = {isa = PBXBuildFile; fileRef = F93DB0AF17278DCC004CA329 /* PIANO_87.wav */; };
		F93DB0E217278DCC004CA329 /* PIANO_88.wav in Resources */ = {isa = PBXBuildFile; fileRef = F93DB0B017278DCC004CA329 /* PIANO_88.wav */; };
		F93DB0E317278DCC004CA329 /* PIANO_89.wav in Resources */ = {isa = PBXBuildFile; fileRef = F93DB0B117278DCC004CA329 /* PIANO_89.wav */; };
		F93DB0E417278DCC004CA329 /* PIANO_90.wav in Resources */ = {isa = PBXBuildFile; fileRef = F93DB0B217278DCC004CA329 /* PIANO_90.wav */; };
		F93DB0E517278DCC004CA329 /* PIANO_91.wav in Resources */ = {isa = PBXBuildFile; fileRef = F93DB0B317278DCC004CA329 /* PIANO_91.wav */; };
		F93DB0E617278DCC004CA329 /* PIANO_92.wav in Resources */ = {isa = PBXBuildFile; fileRef = F93DB0B417278DCC004CA329 /* PIANO_92.wav */; };
		F93DB0E717278DCC004CA329 /* PIANO_93.wav in Resources */ = {isa = PBXBuildFile; fileRef = F93DB0B517278DCC004CA329 /* PIANO_93.wav */; };
		F93DB0E817278DCC004CA329 /* PIANO_94.wav in Resources */ = {isa = PBXBuildFile; fileRef = F93DB0B617278DCC004CA329 /* PIANO_94.wav */; };
		F93DB0E917278DCC004CA329 /* PIANO_95.wav in Resources */ = {isa = PBXBuildFile; fileRef = F93DB0B717278DCC004CA329 /* PIANO_95.wav */; };
		F93DB0EA17278DCC004CA329 /* PIANO_96.wav in Resources */ = {isa = PBXBuildFile; fileRef = F93DB0B817278DCC004CA329 /* PIANO_96.wav */; };
		F93DB0EB17278DCC004CA329 /* PIANO_97.wav in Resources */ = {isa = PBXBuildFile; fileRef = F93DB0B917278DCC004CA329 /* PIANO_97.wav */; };
		F93DB0ED17278E88004CA329 /* AVFoundation.framework in Frameworks */ = {isa = PBXBuildFile; fileRef = F93DB0EC17278E88004CA329 /* AVFoundation.framework */; };
		F93DB0F01727A570004CA329 /* PIANO_48.wav in Resources */ = {isa = PBXBuildFile; fileRef = F93DB0EF1727A570004CA329 /* PIANO_48.wav */; };
		F99A7E3416ED2FB9005F5A1B /* UIKit.framework in Frameworks */ = {isa = PBXBuildFile; fileRef = F99A7E3316ED2FB9005F5A1B /* UIKit.framework */; };
		F99A7E3616ED2FB9005F5A1B /* Foundation.framework in Frameworks */ = {isa = PBXBuildFile; fileRef = F99A7E3516ED2FB9005F5A1B /* Foundation.framework */; };
		F99A7E3816ED2FB9005F5A1B /* CoreGraphics.framework in Frameworks */ = {isa = PBXBuildFile; fileRef = F99A7E3716ED2FB9005F5A1B /* CoreGraphics.framework */; };
		F99A7E3E16ED2FB9005F5A1B /* InfoPlist.strings in Resources */ = {isa = PBXBuildFile; fileRef = F99A7E3C16ED2FB9005F5A1B /* InfoPlist.strings */; };
		F99A7E4016ED2FBA005F5A1B /* main.m in Sources */ = {isa = PBXBuildFile; fileRef = F99A7E3F16ED2FBA005F5A1B /* main.m */; };
		F99A7E4416ED2FBA005F5A1B /* composerAppDelegate.m in Sources */ = {isa = PBXBuildFile; fileRef = F99A7E4316ED2FBA005F5A1B /* composerAppDelegate.m */; };
		F99A7E4616ED2FBA005F5A1B /* Default.png in Resources */ = {isa = PBXBuildFile; fileRef = F99A7E4516ED2FBA005F5A1B /* Default.png */; };
		F99A7E4816ED2FBA005F5A1B /* Default@2x.png in Resources */ = {isa = PBXBuildFile; fileRef = F99A7E4716ED2FBA005F5A1B /* Default@2x.png */; };
		F99A7E4A16ED2FBA005F5A1B /* Default-568h@2x.png in Resources */ = {isa = PBXBuildFile; fileRef = F99A7E4916ED2FBA005F5A1B /* Default-568h@2x.png */; };
		F99A7E4D16ED2FBA005F5A1B /* ViewController.m in Sources */ = {isa = PBXBuildFile; fileRef = F99A7E4C16ED2FBA005F5A1B /* ViewController.m */; };
		F99A7E5E16ED33F6005F5A1B /* PDFViewController.m in Sources */ = {isa = PBXBuildFile; fileRef = F99A7E5D16ED33F6005F5A1B /* PDFViewController.m */; };
		F99A7E6016ED3451005F5A1B /* CoreText.framework in Frameworks */ = {isa = PBXBuildFile; fileRef = F99A7E5F16ED3451005F5A1B /* CoreText.framework */; };
		F99A7E6E16ED4589005F5A1B /* QuartzCore.framework in Frameworks */ = {isa = PBXBuildFile; fileRef = F99A7E6D16ED4589005F5A1B /* QuartzCore.framework */; };
/* End PBXBuildFile section */

/* Begin PBXFileReference section */
		61987B4B1728FFA70034455B /* scrollViewPseudoCode.h */ = {isa = PBXFileReference; fileEncoding = 4; lastKnownFileType = sourcecode.c.h; path = scrollViewPseudoCode.h; sourceTree = "<group>"; };
		61987B4C1728FFA70034455B /* scrollViewPseudoCode.m */ = {isa = PBXFileReference; fileEncoding = 4; lastKnownFileType = sourcecode.c.objc; path = scrollViewPseudoCode.m; sourceTree = "<group>"; };
		F910BDED172750500032AA34 /* View.xib */ = {isa = PBXFileReference; fileEncoding = 4; lastKnownFileType = file.xib; path = View.xib; sourceTree = "<group>"; };
		F910BDF2172769440032AA34 /* scrollViewMain.h */ = {isa = PBXFileReference; fileEncoding = 4; lastKnownFileType = sourcecode.c.h; path = scrollViewMain.h; sourceTree = "<group>"; };
		F910BDF3172769440032AA34 /* scrollViewMain.m */ = {isa = PBXFileReference; fileEncoding = 4; lastKnownFileType = sourcecode.c.objc; path = scrollViewMain.m; sourceTree = "<group>"; };
		F93DB08917278DCC004CA329 /* PIANO_49.wav */ = {isa = PBXFileReference; lastKnownFileType = audio.wav; name = PIANO_49.wav; path = sounds/PIANO_49.wav; sourceTree = "<group>"; };
		F93DB08A17278DCC004CA329 /* PIANO_50.wav */ = {isa = PBXFileReference; lastKnownFileType = audio.wav; name = PIANO_50.wav; path = sounds/PIANO_50.wav; sourceTree = "<group>"; };
		F93DB08B17278DCC004CA329 /* PIANO_51.wav */ = {isa = PBXFileReference; lastKnownFileType = audio.wav; name = PIANO_51.wav; path = sounds/PIANO_51.wav; sourceTree = "<group>"; };
		F93DB08C17278DCC004CA329 /* PIANO_52.wav */ = {isa = PBXFileReference; lastKnownFileType = audio.wav; name = PIANO_52.wav; path = sounds/PIANO_52.wav; sourceTree = "<group>"; };
		F93DB08D17278DCC004CA329 /* PIANO_53.wav */ = {isa = PBXFileReference; lastKnownFileType = audio.wav; name = PIANO_53.wav; path = sounds/PIANO_53.wav; sourceTree = "<group>"; };
		F93DB08E17278DCC004CA329 /* PIANO_54.wav */ = {isa = PBXFileReference; lastKnownFileType = audio.wav; name = PIANO_54.wav; path = sounds/PIANO_54.wav; sourceTree = "<group>"; };
		F93DB08F17278DCC004CA329 /* PIANO_55.wav */ = {isa = PBXFileReference; lastKnownFileType = audio.wav; name = PIANO_55.wav; path = sounds/PIANO_55.wav; sourceTree = "<group>"; };
		F93DB09017278DCC004CA329 /* PIANO_56.wav */ = {isa = PBXFileReference; lastKnownFileType = audio.wav; name = PIANO_56.wav; path = sounds/PIANO_56.wav; sourceTree = "<group>"; };
		F93DB09117278DCC004CA329 /* PIANO_57.wav */ = {isa = PBXFileReference; lastKnownFileType = audio.wav; name = PIANO_57.wav; path = sounds/PIANO_57.wav; sourceTree = "<group>"; };
		F93DB09217278DCC004CA329 /* PIANO_58.wav */ = {isa = PBXFileReference; lastKnownFileType = audio.wav; name = PIANO_58.wav; path = sounds/PIANO_58.wav; sourceTree = "<group>"; };
		F93DB09317278DCC004CA329 /* PIANO_59.wav */ = {isa = PBXFileReference; lastKnownFileType = audio.wav; name = PIANO_59.wav; path = sounds/PIANO_59.wav; sourceTree = "<group>"; };
		F93DB09417278DCC004CA329 /* PIANO_60.wav */ = {isa = PBXFileReference; lastKnownFileType = audio.wav; name = PIANO_60.wav; path = sounds/PIANO_60.wav; sourceTree = "<group>"; };
		F93DB09517278DCC004CA329 /* PIANO_61.wav */ = {isa = PBXFileReference; lastKnownFileType = audio.wav; name = PIANO_61.wav; path = sounds/PIANO_61.wav; sourceTree = "<group>"; };
		F93DB09617278DCC004CA329 /* PIANO_62.wav */ = {isa = PBXFileReference; lastKnownFileType = audio.wav; name = PIANO_62.wav; path = sounds/PIANO_62.wav; sourceTree = "<group>"; };
		F93DB09717278DCC004CA329 /* PIANO_63.wav */ = {isa = PBXFileReference; lastKnownFileType = audio.wav; name = PIANO_63.wav; path = sounds/PIANO_63.wav; sourceTree = "<group>"; };
		F93DB09817278DCC004CA329 /* PIANO_64.wav */ = {isa = PBXFileReference; lastKnownFileType = audio.wav; name = PIANO_64.wav; path = sounds/PIANO_64.wav; sourceTree = "<group>"; };
		F93DB09917278DCC004CA329 /* PIANO_65.wav */ = {isa = PBXFileReference; lastKnownFileType = audio.wav; name = PIANO_65.wav; path = sounds/PIANO_65.wav; sourceTree = "<group>"; };
		F93DB09A17278DCC004CA329 /* PIANO_66.wav */ = {isa = PBXFileReference; lastKnownFileType = audio.wav; name = PIANO_66.wav; path = sounds/PIANO_66.wav; sourceTree = "<group>"; };
		F93DB09B17278DCC004CA329 /* PIANO_67.wav */ = {isa = PBXFileReference; lastKnownFileType = audio.wav; name = PIANO_67.wav; path = sounds/PIANO_67.wav; sourceTree = "<group>"; };
		F93DB09C17278DCC004CA329 /* PIANO_68.wav */ = {isa = PBXFileReference; lastKnownFileType = audio.wav; name = PIANO_68.wav; path = sounds/PIANO_68.wav; sourceTree = "<group>"; };
		F93DB09D17278DCC004CA329 /* PIANO_69.wav */ = {isa = PBXFileReference; lastKnownFileType = audio.wav; name = PIANO_69.wav; path = sounds/PIANO_69.wav; sourceTree = "<group>"; };
		F93DB09E17278DCC004CA329 /* PIANO_70.wav */ = {isa = PBXFileReference; lastKnownFileType = audio.wav; name = PIANO_70.wav; path = sounds/PIANO_70.wav; sourceTree = "<group>"; };
		F93DB09F17278DCC004CA329 /* PIANO_71.wav */ = {isa = PBXFileReference; lastKnownFileType = audio.wav; name = PIANO_71.wav; path = sounds/PIANO_71.wav; sourceTree = "<group>"; };
		F93DB0A017278DCC004CA329 /* PIANO_72.wav */ = {isa = PBXFileReference; lastKnownFileType = audio.wav; name = PIANO_72.wav; path = sounds/PIANO_72.wav; sourceTree = "<group>"; };
		F93DB0A117278DCC004CA329 /* PIANO_73.wav */ = {isa = PBXFileReference; lastKnownFileType = audio.wav; name = PIANO_73.wav; path = sounds/PIANO_73.wav; sourceTree = "<group>"; };
		F93DB0A217278DCC004CA329 /* PIANO_74.wav */ = {isa = PBXFileReference; lastKnownFileType = audio.wav; name = PIANO_74.wav; path = sounds/PIANO_74.wav; sourceTree = "<group>"; };
		F93DB0A317278DCC004CA329 /* PIANO_75.wav */ = {isa = PBXFileReference; lastKnownFileType = audio.wav; name = PIANO_75.wav; path = sounds/PIANO_75.wav; sourceTree = "<group>"; };
		F93DB0A417278DCC004CA329 /* PIANO_76.wav */ = {isa = PBXFileReference; lastKnownFileType = audio.wav; name = PIANO_76.wav; path = sounds/PIANO_76.wav; sourceTree = "<group>"; };
		F93DB0A517278DCC004CA329 /* PIANO_77.wav */ = {isa = PBXFileReference; lastKnownFileType = audio.wav; name = PIANO_77.wav; path = sounds/PIANO_77.wav; sourceTree = "<group>"; };
		F93DB0A617278DCC004CA329 /* PIANO_78.wav */ = {isa = PBXFileReference; lastKnownFileType = audio.wav; name = PIANO_78.wav; path = sounds/PIANO_78.wav; sourceTree = "<group>"; };
		F93DB0A717278DCC004CA329 /* PIANO_79.wav */ = {isa = PBXFileReference; lastKnownFileType = audio.wav; name = PIANO_79.wav; path = sounds/PIANO_79.wav; sourceTree = "<group>"; };
		F93DB0A817278DCC004CA329 /* PIANO_80.wav */ = {isa = PBXFileReference; lastKnownFileType = audio.wav; name = PIANO_80.wav; path = sounds/PIANO_80.wav; sourceTree = "<group>"; };
		F93DB0A917278DCC004CA329 /* PIANO_81.wav */ = {isa = PBXFileReference; lastKnownFileType = audio.wav; name = PIANO_81.wav; path = sounds/PIANO_81.wav; sourceTree = "<group>"; };
		F93DB0AA17278DCC004CA329 /* PIANO_82.wav */ = {isa = PBXFileReference; lastKnownFileType = audio.wav; name = PIANO_82.wav; path = sounds/PIANO_82.wav; sourceTree = "<group>"; };
		F93DB0AB17278DCC004CA329 /* PIANO_83.wav */ = {isa = PBXFileReference; lastKnownFileType = audio.wav; name = PIANO_83.wav; path = sounds/PIANO_83.wav; sourceTree = "<group>"; };
		F93DB0AC17278DCC004CA329 /* PIANO_84.wav */ = {isa = PBXFileReference; lastKnownFileType = audio.wav; name = PIANO_84.wav; path = sounds/PIANO_84.wav; sourceTree = "<group>"; };
		F93DB0AD17278DCC004CA329 /* PIANO_85.wav */ = {isa = PBXFileReference; lastKnownFileType = audio.wav; name = PIANO_85.wav; path = sounds/PIANO_85.wav; sourceTree = "<group>"; };
		F93DB0AE17278DCC004CA329 /* PIANO_86.wav */ = {isa = PBXFileReference; lastKnownFileType = audio.wav; name = PIANO_86.wav; path = sounds/PIANO_86.wav; sourceTree = "<group>"; };
		F93DB0AF17278DCC004CA329 /* PIANO_87.wav */ = {isa = PBXFileReference; lastKnownFileType = audio.wav; name = PIANO_87.wav; path = sounds/PIANO_87.wav; sourceTree = "<group>"; };
		F93DB0B017278DCC004CA329 /* PIANO_88.wav */ = {isa = PBXFileReference; lastKnownFileType = audio.wav; name = PIANO_88.wav; path = sounds/PIANO_88.wav; sourceTree = "<group>"; };
		F93DB0B117278DCC004CA329 /* PIANO_89.wav */ = {isa = PBXFileReference; lastKnownFileType = audio.wav; name = PIANO_89.wav; path = sounds/PIANO_89.wav; sourceTree = "<group>"; };
		F93DB0B217278DCC004CA329 /* PIANO_90.wav */ = {isa = PBXFileReference; lastKnownFileType = audio.wav; name = PIANO_90.wav; path = sounds/PIANO_90.wav; sourceTree = "<group>"; };
		F93DB0B317278DCC004CA329 /* PIANO_91.wav */ = {isa = PBXFileReference; lastKnownFileType = audio.wav; name = PIANO_91.wav; path = sounds/PIANO_91.wav; sourceTree = "<group>"; };
		F93DB0B417278DCC004CA329 /* PIANO_92.wav */ = {isa = PBXFileReference; lastKnownFileType = audio.wav; name = PIANO_92.wav; path = sounds/PIANO_92.wav; sourceTree = "<group>"; };
		F93DB0B517278DCC004CA329 /* PIANO_93.wav */ = {isa = PBXFileReference; lastKnownFileType = audio.wav; name = PIANO_93.wav; path = sounds/PIANO_93.wav; sourceTree = "<group>"; };
		F93DB0B617278DCC004CA329 /* PIANO_94.wav */ = {isa = PBXFileReference; lastKnownFileType = audio.wav; name = PIANO_94.wav; path = sounds/PIANO_94.wav; sourceTree = "<group>"; };
		F93DB0B717278DCC004CA329 /* PIANO_95.wav */ = {isa = PBXFileReference; lastKnownFileType = audio.wav; name = PIANO_95.wav; path = sounds/PIANO_95.wav; sourceTree = "<group>"; };
		F93DB0B817278DCC004CA329 /* PIANO_96.wav */ = {isa = PBXFileReference; lastKnownFileType = audio.wav; name = PIANO_96.wav; path = sounds/PIANO_96.wav; sourceTree = "<group>"; };
		F93DB0B917278DCC004CA329 /* PIANO_97.wav */ = {isa = PBXFileReference; lastKnownFileType = audio.wav; name = PIANO_97.wav; path = sounds/PIANO_97.wav; sourceTree = "<group>"; };
		F93DB0EC17278E88004CA329 /* AVFoundation.framework */ = {isa = PBXFileReference; lastKnownFileType = wrapper.framework; name = AVFoundation.framework; path = System/Library/Frameworks/AVFoundation.framework; sourceTree = SDKROOT; };
		F93DB0EF1727A570004CA329 /* PIANO_48.wav */ = {isa = PBXFileReference; lastKnownFileType = audio.wav; name = PIANO_48.wav; path = sounds/PIANO_48.wav; sourceTree = "<group>"; };
		F99A7E3016ED2FB9005F5A1B /* composer.app */ = {isa = PBXFileReference; explicitFileType = wrapper.application; includeInIndex = 0; path = composer.app; sourceTree = BUILT_PRODUCTS_DIR; };
		F99A7E3316ED2FB9005F5A1B /* UIKit.framework */ = {isa = PBXFileReference; lastKnownFileType = wrapper.framework; name = UIKit.framework; path = System/Library/Frameworks/UIKit.framework; sourceTree = SDKROOT; };
		F99A7E3516ED2FB9005F5A1B /* Foundation.framework */ = {isa = PBXFileReference; lastKnownFileType = wrapper.framework; name = Foundation.framework; path = System/Library/Frameworks/Foundation.framework; sourceTree = SDKROOT; };
		F99A7E3716ED2FB9005F5A1B /* CoreGraphics.framework */ = {isa = PBXFileReference; lastKnownFileType = wrapper.framework; name = CoreGraphics.framework; path = System/Library/Frameworks/CoreGraphics.framework; sourceTree = SDKROOT; };
		F99A7E3B16ED2FB9005F5A1B /* composer-Info.plist */ = {isa = PBXFileReference; lastKnownFileType = text.plist.xml; path = "composer-Info.plist"; sourceTree = "<group>"; };
		F99A7E3D16ED2FB9005F5A1B /* en */ = {isa = PBXFileReference; lastKnownFileType = text.plist.strings; name = en; path = en.lproj/InfoPlist.strings; sourceTree = "<group>"; };
		F99A7E3F16ED2FBA005F5A1B /* main.m */ = {isa = PBXFileReference; lastKnownFileType = sourcecode.c.objc; path = main.m; sourceTree = "<group>"; };
		F99A7E4116ED2FBA005F5A1B /* composer-Prefix.pch */ = {isa = PBXFileReference; lastKnownFileType = sourcecode.c.h; path = "composer-Prefix.pch"; sourceTree = "<group>"; };
		F99A7E4216ED2FBA005F5A1B /* composerAppDelegate.h */ = {isa = PBXFileReference; lastKnownFileType = sourcecode.c.h; path = composerAppDelegate.h; sourceTree = "<group>"; };
		F99A7E4316ED2FBA005F5A1B /* composerAppDelegate.m */ = {isa = PBXFileReference; lastKnownFileType = sourcecode.c.objc; path = composerAppDelegate.m; sourceTree = "<group>"; };
		F99A7E4516ED2FBA005F5A1B /* Default.png */ = {isa = PBXFileReference; lastKnownFileType = image.png; path = Default.png; sourceTree = "<group>"; };
		F99A7E4716ED2FBA005F5A1B /* Default@2x.png */ = {isa = PBXFileReference; lastKnownFileType = image.png; path = "Default@2x.png"; sourceTree = "<group>"; };
		F99A7E4916ED2FBA005F5A1B /* Default-568h@2x.png */ = {isa = PBXFileReference; lastKnownFileType = image.png; path = "Default-568h@2x.png"; sourceTree = "<group>"; };
		F99A7E4B16ED2FBA005F5A1B /* ViewController.h */ = {isa = PBXFileReference; lastKnownFileType = sourcecode.c.h; path = ViewController.h; sourceTree = "<group>"; };
		F99A7E4C16ED2FBA005F5A1B /* ViewController.m */ = {isa = PBXFileReference; lastKnownFileType = sourcecode.c.objc; path = ViewController.m; sourceTree = "<group>"; };
		F99A7E5C16ED33F6005F5A1B /* PDFViewController.h */ = {isa = PBXFileReference; fileEncoding = 4; lastKnownFileType = sourcecode.c.h; path = PDFViewController.h; sourceTree = "<group>"; };
		F99A7E5D16ED33F6005F5A1B /* PDFViewController.m */ = {isa = PBXFileReference; fileEncoding = 4; lastKnownFileType = sourcecode.c.objc; path = PDFViewController.m; sourceTree = "<group>"; };
		F99A7E5F16ED3451005F5A1B /* CoreText.framework */ = {isa = PBXFileReference; lastKnownFileType = wrapper.framework; name = CoreText.framework; path = System/Library/Frameworks/CoreText.framework; sourceTree = SDKROOT; };
		F99A7E6D16ED4589005F5A1B /* QuartzCore.framework */ = {isa = PBXFileReference; lastKnownFileType = wrapper.framework; name = QuartzCore.framework; path = System/Library/Frameworks/QuartzCore.framework; sourceTree = SDKROOT; };
/* End PBXFileReference section */

/* Begin PBXFrameworksBuildPhase section */
		F99A7E2D16ED2FB9005F5A1B /* Frameworks */ = {
			isa = PBXFrameworksBuildPhase;
			buildActionMask = 2147483647;
			files = (
				F93DB0ED17278E88004CA329 /* AVFoundation.framework in Frameworks */,
				F99A7E6E16ED4589005F5A1B /* QuartzCore.framework in Frameworks */,
				F99A7E6016ED3451005F5A1B /* CoreText.framework in Frameworks */,
				F99A7E3416ED2FB9005F5A1B /* UIKit.framework in Frameworks */,
				F99A7E3616ED2FB9005F5A1B /* Foundation.framework in Frameworks */,
				F99A7E3816ED2FB9005F5A1B /* CoreGraphics.framework in Frameworks */,
			);
			runOnlyForDeploymentPostprocessing = 0;
		};
/* End PBXFrameworksBuildPhase section */

/* Begin PBXGroup section */
		F93DB0EE172799B8004CA329 /* Sounds */ = {
			isa = PBXGroup;
			children = (
				F93DB0EF1727A570004CA329 /* PIANO_48.wav */,
				F93DB08917278DCC004CA329 /* PIANO_49.wav */,
				F93DB08A17278DCC004CA329 /* PIANO_50.wav */,
				F93DB08B17278DCC004CA329 /* PIANO_51.wav */,
				F93DB08C17278DCC004CA329 /* PIANO_52.wav */,
				F93DB08D17278DCC004CA329 /* PIANO_53.wav */,
				F93DB08E17278DCC004CA329 /* PIANO_54.wav */,
				F93DB08F17278DCC004CA329 /* PIANO_55.wav */,
				F93DB09017278DCC004CA329 /* PIANO_56.wav */,
				F93DB09117278DCC004CA329 /* PIANO_57.wav */,
				F93DB09217278DCC004CA329 /* PIANO_58.wav */,
				F93DB09317278DCC004CA329 /* PIANO_59.wav */,
				F93DB09417278DCC004CA329 /* PIANO_60.wav */,
				F93DB09517278DCC004CA329 /* PIANO_61.wav */,
				F93DB09617278DCC004CA329 /* PIANO_62.wav */,
				F93DB09717278DCC004CA329 /* PIANO_63.wav */,
				F93DB09817278DCC004CA329 /* PIANO_64.wav */,
				F93DB09917278DCC004CA329 /* PIANO_65.wav */,
				F93DB09A17278DCC004CA329 /* PIANO_66.wav */,
				F93DB09B17278DCC004CA329 /* PIANO_67.wav */,
				F93DB09C17278DCC004CA329 /* PIANO_68.wav */,
				F93DB09D17278DCC004CA329 /* PIANO_69.wav */,
				F93DB09E17278DCC004CA329 /* PIANO_70.wav */,
				F93DB09F17278DCC004CA329 /* PIANO_71.wav */,
				F93DB0A017278DCC004CA329 /* PIANO_72.wav */,
				F93DB0A117278DCC004CA329 /* PIANO_73.wav */,
				F93DB0A217278DCC004CA329 /* PIANO_74.wav */,
				F93DB0A317278DCC004CA329 /* PIANO_75.wav */,
				F93DB0A417278DCC004CA329 /* PIANO_76.wav */,
				F93DB0A517278DCC004CA329 /* PIANO_77.wav */,
				F93DB0A617278DCC004CA329 /* PIANO_78.wav */,
				F93DB0A717278DCC004CA329 /* PIANO_79.wav */,
				F93DB0A817278DCC004CA329 /* PIANO_80.wav */,
				F93DB0A917278DCC004CA329 /* PIANO_81.wav */,
				F93DB0AA17278DCC004CA329 /* PIANO_82.wav */,
				F93DB0AB17278DCC004CA329 /* PIANO_83.wav */,
				F93DB0AC17278DCC004CA329 /* PIANO_84.wav */,
				F93DB0AD17278DCC004CA329 /* PIANO_85.wav */,
				F93DB0AE17278DCC004CA329 /* PIANO_86.wav */,
				F93DB0AF17278DCC004CA329 /* PIANO_87.wav */,
				F93DB0B017278DCC004CA329 /* PIANO_88.wav */,
				F93DB0B117278DCC004CA329 /* PIANO_89.wav */,
				F93DB0B217278DCC004CA329 /* PIANO_90.wav */,
				F93DB0B317278DCC004CA329 /* PIANO_91.wav */,
				F93DB0B417278DCC004CA329 /* PIANO_92.wav */,
				F93DB0B517278DCC004CA329 /* PIANO_93.wav */,
				F93DB0B617278DCC004CA329 /* PIANO_94.wav */,
				F93DB0B717278DCC004CA329 /* PIANO_95.wav */,
				F93DB0B817278DCC004CA329 /* PIANO_96.wav */,
				F93DB0B917278DCC004CA329 /* PIANO_97.wav */,
			);
			name = Sounds;
			sourceTree = "<group>";
		};
		F99A7E2716ED2FB9005F5A1B = {
			isa = PBXGroup;
			children = (
				F99A7E3916ED2FB9005F5A1B /* composer */,
				F99A7E3216ED2FB9005F5A1B /* Frameworks */,
				F99A7E3116ED2FB9005F5A1B /* Products */,
			);
			sourceTree = "<group>";
		};
		F99A7E3116ED2FB9005F5A1B /* Products */ = {
			isa = PBXGroup;
			children = (
				F99A7E3016ED2FB9005F5A1B /* composer.app */,
			);
			name = Products;
			sourceTree = "<group>";
		};
		F99A7E3216ED2FB9005F5A1B /* Frameworks */ = {
			isa = PBXGroup;
			children = (
				F93DB0EC17278E88004CA329 /* AVFoundation.framework */,
				F99A7E6D16ED4589005F5A1B /* QuartzCore.framework */,
				F99A7E5F16ED3451005F5A1B /* CoreText.framework */,
				F99A7E3316ED2FB9005F5A1B /* UIKit.framework */,
				F99A7E3516ED2FB9005F5A1B /* Foundation.framework */,
				F99A7E3716ED2FB9005F5A1B /* CoreGraphics.framework */,
			);
			name = Frameworks;
			sourceTree = "<group>";
		};
		F99A7E3916ED2FB9005F5A1B /* composer */ = {
			isa = PBXGroup;
			children = (
				F93DB0EE172799B8004CA329 /* Sounds */,
				F99A7E3A16ED2FB9005F5A1B /* Supporting Files */,
				F99A7E4216ED2FBA005F5A1B /* composerAppDelegate.h */,
				F99A7E4316ED2FBA005F5A1B /* composerAppDelegate.m */,
				F910BDED172750500032AA34 /* View.xib */,
				F99A7E4B16ED2FBA005F5A1B /* ViewController.h */,
				F99A7E4C16ED2FBA005F5A1B /* ViewController.m */,
				61987B4B1728FFA70034455B /* scrollViewPseudoCode.h */,
				61987B4C1728FFA70034455B /* scrollViewPseudoCode.m */,
				F99A7E5C16ED33F6005F5A1B /* PDFViewController.h */,
				F99A7E5D16ED33F6005F5A1B /* PDFViewController.m */,
				F910BDF2172769440032AA34 /* scrollViewMain.h */,
				F910BDF3172769440032AA34 /* scrollViewMain.m */,
			);
			path = composer;
			sourceTree = "<group>";
		};
		F99A7E3A16ED2FB9005F5A1B /* Supporting Files */ = {
			isa = PBXGroup;
			children = (
				F99A7E3B16ED2FB9005F5A1B /* composer-Info.plist */,
				F99A7E3C16ED2FB9005F5A1B /* InfoPlist.strings */,
				F99A7E3F16ED2FBA005F5A1B /* main.m */,
				F99A7E4116ED2FBA005F5A1B /* composer-Prefix.pch */,
				F99A7E4516ED2FBA005F5A1B /* Default.png */,
				F99A7E4716ED2FBA005F5A1B /* Default@2x.png */,
				F99A7E4916ED2FBA005F5A1B /* Default-568h@2x.png */,
			);
			name = "Supporting Files";
			sourceTree = "<group>";
		};
/* End PBXGroup section */

/* Begin PBXNativeTarget section */
		F99A7E2F16ED2FB9005F5A1B /* composer */ = {
			isa = PBXNativeTarget;
			buildConfigurationList = F99A7E5616ED2FBA005F5A1B /* Build configuration list for PBXNativeTarget "composer" */;
			buildPhases = (
				F99A7E2C16ED2FB9005F5A1B /* Sources */,
				F99A7E2D16ED2FB9005F5A1B /* Frameworks */,
				F99A7E2E16ED2FB9005F5A1B /* Resources */,
			);
			buildRules = (
			);
			dependencies = (
			);
			name = composer;
			productName = composer;
			productReference = F99A7E3016ED2FB9005F5A1B /* composer.app */;
			productType = "com.apple.product-type.application";
		};
/* End PBXNativeTarget section */

/* Begin PBXProject section */
		F99A7E2816ED2FB9005F5A1B /* Project object */ = {
			isa = PBXProject;
			attributes = {
				CLASSPREFIX = composer;
				LastUpgradeCheck = 0460;
				ORGANIZATIONNAME = "Jay Wang";
			};
			buildConfigurationList = F99A7E2B16ED2FB9005F5A1B /* Build configuration list for PBXProject "composer" */;
			compatibilityVersion = "Xcode 3.2";
			developmentRegion = English;
			hasScannedForEncodings = 0;
			knownRegions = (
				en,
			);
			mainGroup = F99A7E2716ED2FB9005F5A1B;
			productRefGroup = F99A7E3116ED2FB9005F5A1B /* Products */;
			projectDirPath = "";
			projectRoot = "";
			targets = (
				F99A7E2F16ED2FB9005F5A1B /* composer */,
			);
		};
/* End PBXProject section */

/* Begin PBXResourcesBuildPhase section */
		F99A7E2E16ED2FB9005F5A1B /* Resources */ = {
			isa = PBXResourcesBuildPhase;
			buildActionMask = 2147483647;
			files = (
				F99A7E3E16ED2FB9005F5A1B /* InfoPlist.strings in Resources */,
				F99A7E4616ED2FBA005F5A1B /* Default.png in Resources */,
				F99A7E4816ED2FBA005F5A1B /* Default@2x.png in Resources */,
				F99A7E4A16ED2FBA005F5A1B /* Default-568h@2x.png in Resources */,
				F910BDEE172750510032AA34 /* View.xib in Resources */,
				F93DB0BB17278DCC004CA329 /* PIANO_49.wav in Resources */,
				F93DB0BC17278DCC004CA329 /* PIANO_50.wav in Resources */,
				F93DB0BD17278DCC004CA329 /* PIANO_51.wav in Resources */,
				F93DB0BE17278DCC004CA329 /* PIANO_52.wav in Resources */,
				F93DB0BF17278DCC004CA329 /* PIANO_53.wav in Resources */,
				F93DB0C017278DCC004CA329 /* PIANO_54.wav in Resources */,
				F93DB0C117278DCC004CA329 /* PIANO_55.wav in Resources */,
				F93DB0C217278DCC004CA329 /* PIANO_56.wav in Resources */,
				F93DB0C317278DCC004CA329 /* PIANO_57.wav in Resources */,
				F93DB0C417278DCC004CA329 /* PIANO_58.wav in Resources */,
				F93DB0C517278DCC004CA329 /* PIANO_59.wav in Resources */,
				F93DB0C617278DCC004CA329 /* PIANO_60.wav in Resources */,
				F93DB0C717278DCC004CA329 /* PIANO_61.wav in Resources */,
				F93DB0C817278DCC004CA329 /* PIANO_62.wav in Resources */,
				F93DB0C917278DCC004CA329 /* PIANO_63.wav in Resources */,
				F93DB0CA17278DCC004CA329 /* PIANO_64.wav in Resources */,
				F93DB0CB17278DCC004CA329 /* PIANO_65.wav in Resources */,
				F93DB0CC17278DCC004CA329 /* PIANO_66.wav in Resources */,
				F93DB0CD17278DCC004CA329 /* PIANO_67.wav in Resources */,
				F93DB0CE17278DCC004CA329 /* PIANO_68.wav in Resources */,
				F93DB0CF17278DCC004CA329 /* PIANO_69.wav in Resources */,
				F93DB0D017278DCC004CA329 /* PIANO_70.wav in Resources */,
				F93DB0D117278DCC004CA329 /* PIANO_71.wav in Resources */,
				F93DB0D217278DCC004CA329 /* PIANO_72.wav in Resources */,
				F93DB0D317278DCC004CA329 /* PIANO_73.wav in Resources */,
				F93DB0D417278DCC004CA329 /* PIANO_74.wav in Resources */,
				F93DB0D517278DCC004CA329 /* PIANO_75.wav in Resources */,
				F93DB0D617278DCC004CA329 /* PIANO_76.wav in Resources */,
				F93DB0D717278DCC004CA329 /* PIANO_77.wav in Resources */,
				F93DB0D817278DCC004CA329 /* PIANO_78.wav in Resources */,
				F93DB0D917278DCC004CA329 /* PIANO_79.wav in Resources */,
				F93DB0DA17278DCC004CA329 /* PIANO_80.wav in Resources */,
				F93DB0DB17278DCC004CA329 /* PIANO_81.wav in Resources */,
				F93DB0DC17278DCC004CA329 /* PIANO_82.wav in Resources */,
				F93DB0DD17278DCC004CA329 /* PIANO_83.wav in Resources */,
				F93DB0DE17278DCC004CA329 /* PIANO_84.wav in Resources */,
				F93DB0DF17278DCC004CA329 /* PIANO_85.wav in Resources */,
				F93DB0E017278DCC004CA329 /* PIANO_86.wav in Resources */,
				F93DB0E117278DCC004CA329 /* PIANO_87.wav in Resources */,
				F93DB0E217278DCC004CA329 /* PIANO_88.wav in Resources */,
				F93DB0E317278DCC004CA329 /* PIANO_89.wav in Resources */,
				F93DB0E417278DCC004CA329 /* PIANO_90.wav in Resources */,
				F93DB0E517278DCC004CA329 /* PIANO_91.wav in Resources */,
				F93DB0E617278DCC004CA329 /* PIANO_92.wav in Resources */,
				F93DB0E717278DCC004CA329 /* PIANO_93.wav in Resources */,
				F93DB0E817278DCC004CA329 /* PIANO_94.wav in Resources */,
				F93DB0E917278DCC004CA329 /* PIANO_95.wav in Resources */,
				F93DB0EA17278DCC004CA329 /* PIANO_96.wav in Resources */,
				F93DB0EB17278DCC004CA329 /* PIANO_97.wav in Resources */,
				F93DB0F01727A570004CA329 /* PIANO_48.wav in Resources */,
			);
			runOnlyForDeploymentPostprocessing = 0;
		};
/* End PBXResourcesBuildPhase section */

/* Begin PBXSourcesBuildPhase section */
		F99A7E2C16ED2FB9005F5A1B /* Sources */ = {
			isa = PBXSourcesBuildPhase;
			buildActionMask = 2147483647;
			files = (
				F99A7E4016ED2FBA005F5A1B /* main.m in Sources */,
				F99A7E4416ED2FBA005F5A1B /* composerAppDelegate.m in Sources */,
				F99A7E4D16ED2FBA005F5A1B /* ViewController.m in Sources */,
				F99A7E5E16ED33F6005F5A1B /* PDFViewController.m in Sources */,
				F910BDF4172769440032AA34 /* scrollViewMain.m in Sources */,
				61987B4D1728FFA70034455B /* scrollViewPseudoCode.m in Sources */,
			);
			runOnlyForDeploymentPostprocessing = 0;
		};
/* End PBXSourcesBuildPhase section */

/* Begin PBXVariantGroup section */
		F99A7E3C16ED2FB9005F5A1B /* InfoPlist.strings */ = {
			isa = PBXVariantGroup;
			children = (
				F99A7E3D16ED2FB9005F5A1B /* en */,
			);
			name = InfoPlist.strings;
			sourceTree = "<group>";
		};
/* End PBXVariantGroup section */

/* Begin XCBuildConfiguration section */
		F99A7E5416ED2FBA005F5A1B /* Debug */ = {
			isa = XCBuildConfiguration;
			buildSettings = {
				ALWAYS_SEARCH_USER_PATHS = NO;
				CLANG_CXX_LANGUAGE_STANDARD = "gnu++0x";
				CLANG_CXX_LIBRARY = "libc++";
				CLANG_ENABLE_OBJC_ARC = YES;
				CLANG_WARN_CONSTANT_CONVERSION = YES;
				CLANG_WARN_EMPTY_BODY = YES;
				CLANG_WARN_ENUM_CONVERSION = YES;
				CLANG_WARN_INT_CONVERSION = YES;
				CLANG_WARN__DUPLICATE_METHOD_MATCH = YES;
				"CODE_SIGN_IDENTITY[sdk=iphoneos*]" = "iPhone Developer";
				COPY_PHASE_STRIP = NO;
				GCC_C_LANGUAGE_STANDARD = gnu99;
				GCC_DYNAMIC_NO_PIC = NO;
				GCC_OPTIMIZATION_LEVEL = 0;
				GCC_PREPROCESSOR_DEFINITIONS = (
					"DEBUG=1",
					"$(inherited)",
				);
				GCC_SYMBOLS_PRIVATE_EXTERN = NO;
				GCC_WARN_ABOUT_RETURN_TYPE = YES;
				GCC_WARN_UNINITIALIZED_AUTOS = YES;
				GCC_WARN_UNUSED_VARIABLE = YES;
				IPHONEOS_DEPLOYMENT_TARGET = 6.1;
				ONLY_ACTIVE_ARCH = YES;
				SDKROOT = iphoneos;
				TARGETED_DEVICE_FAMILY = "1,2";
			};
			name = Debug;
		};
		F99A7E5516ED2FBA005F5A1B /* Release */ = {
			isa = XCBuildConfiguration;
			buildSettings = {
				ALWAYS_SEARCH_USER_PATHS = NO;
				CLANG_CXX_LANGUAGE_STANDARD = "gnu++0x";
				CLANG_CXX_LIBRARY = "libc++";
				CLANG_ENABLE_OBJC_ARC = YES;
				CLANG_WARN_CONSTANT_CONVERSION = YES;
				CLANG_WARN_EMPTY_BODY = YES;
				CLANG_WARN_ENUM_CONVERSION = YES;
				CLANG_WARN_INT_CONVERSION = YES;
				CLANG_WARN__DUPLICATE_METHOD_MATCH = YES;
				"CODE_SIGN_IDENTITY[sdk=iphoneos*]" = "iPhone Developer";
				COPY_PHASE_STRIP = YES;
				GCC_C_LANGUAGE_STANDARD = gnu99;
				GCC_WARN_ABOUT_RETURN_TYPE = YES;
				GCC_WARN_UNINITIALIZED_AUTOS = YES;
				GCC_WARN_UNUSED_VARIABLE = YES;
				IPHONEOS_DEPLOYMENT_TARGET = 6.1;
				OTHER_CFLAGS = "-DNS_BLOCK_ASSERTIONS=1";
				SDKROOT = iphoneos;
				TARGETED_DEVICE_FAMILY = "1,2";
				VALIDATE_PRODUCT = YES;
			};
			name = Release;
		};
		F99A7E5716ED2FBA005F5A1B /* Debug */ = {
			isa = XCBuildConfiguration;
			buildSettings = {
				CODE_SIGN_IDENTITY = "iPhone Developer: Jay Wang (MS8H4F6X97)";
				"CODE_SIGN_IDENTITY[sdk=iphoneos*]" = "iPhone Developer: Jay Wang (MS8H4F6X97)";
				GCC_PRECOMPILE_PREFIX_HEADER = YES;
				GCC_PREFIX_HEADER = "composer/composer-Prefix.pch";
				INFOPLIST_FILE = "composer/composer-Info.plist";
				PRODUCT_NAME = "$(TARGET_NAME)";
				PROVISIONING_PROFILE = "";
				"PROVISIONING_PROFILE[sdk=iphoneos*]" = "";
				TARGETED_DEVICE_FAMILY = 2;
				WRAPPER_EXTENSION = app;
			};
			name = Debug;
		};
		F99A7E5816ED2FBA005F5A1B /* Release */ = {
			isa = XCBuildConfiguration;
			buildSettings = {
				CODE_SIGN_IDENTITY = "iPhone Developer: Jay Wang (MS8H4F6X97)";
				"CODE_SIGN_IDENTITY[sdk=iphoneos*]" = "iPhone Developer: Jay Wang (MS8H4F6X97)";
				GCC_PRECOMPILE_PREFIX_HEADER = YES;
				GCC_PREFIX_HEADER = "composer/composer-Prefix.pch";
				INFOPLIST_FILE = "composer/composer-Info.plist";
				PRODUCT_NAME = "$(TARGET_NAME)";
				PROVISIONING_PROFILE = "";
				"PROVISIONING_PROFILE[sdk=iphoneos*]" = "";
				TARGETED_DEVICE_FAMILY = 2;
				WRAPPER_EXTENSION = app;
			};
			name = Release;
		};
/* End XCBuildConfiguration section */

/* Begin XCConfigurationList section */
		F99A7E2B16ED2FB9005F5A1B /* Build configuration list for PBXProject "composer" */ = {
			isa = XCConfigurationList;
			buildConfigurations = (
				F99A7E5416ED2FBA005F5A1B /* Debug */,
				F99A7E5516ED2FBA005F5A1B /* Release */,
			);
			defaultConfigurationIsVisible = 0;
			defaultConfigurationName = Release;
		};
		F99A7E5616ED2FBA005F5A1B /* Build configuration list for PBXNativeTarget "composer" */ = {
			isa = XCConfigurationList;
			buildConfigurations = (
				F99A7E5716ED2FBA005F5A1B /* Debug */,
				F99A7E5816ED2FBA005F5A1B /* Release */,
			);
			defaultConfigurationIsVisible = 0;
			defaultConfigurationName = Release;
		};
/* End XCConfigurationList section */
	};
	rootObject = F99A7E2816ED2FB9005F5A1B /* Project object */;
}
